
Microsoft Visual Studio Solution File, Format Version 12.00
# Visual Studio Version 17
VisualStudioVersion = 17.6.33723.286
MinimumVisualStudioVersion = 10.0.40219.1
Project("{FAE04EC0-301F-11D3-BF4B-00C04F79EFBC}") = "FreelancerProject.Web", "FreelancerProject.Web\FreelancerProject.Web.csproj", "{5B05A30E-211B-4EA6-9626-C09CD8B57A73}"
EndProject
Global
	GlobalSection(SolutionConfigurationPlatforms) = preSolution
		Debug|Any CPU = Debug|Any CPU
		Release|Any CPU = Release|Any CPU
	EndGlobalSection
	GlobalSection(ProjectConfigurationPlatforms) = postSolution
		{5B05A30E-211B-4EA6-9626-C09CD8B57A73}.Debug|Any CPU.ActiveCfg = Debug|Any CPU
		{5B05A30E-211B-4EA6-9626-C09CD8B57A73}.Debug|Any CPU.Build.0 = Debug|Any CPU
		{5B05A30E-211B-4EA6-9626-C09CD8B57A73}.Release|Any CPU.ActiveCfg = Release|Any CPU
		{5B05A30E-211B-4EA6-9626-C09CD8B57A73}.Release|Any CPU.Build.0 = Release|Any CPU
	EndGlobalSection
	GlobalSection(SolutionProperties) = preSolution
		HideSolutionNode = FALSE
	EndGlobalSection
	GlobalSection(ExtensibilityGlobals) = postSolution
		SolutionGuid = {4FD03C3F-8F00-487B-97CB-8096A28DC110}
	EndGlobalSection
EndGlobal
